{
  "version": 4,
  "terraform_version": "0.12.20",
  "serial": 15,
  "lineage": "d5f87175-66f9-0b2e-7e6b-12590f4bea43",
  "outputs": {},
  "resources": [
    {
      "mode": "managed",
      "type": "aws_instance",
      "name": "example",
      "provider": "provider.aws",
      "instances": [
        {
          "schema_version": 1,
          "attributes": {
            "ami": "ami-0620d12a9cf777c87",
            "arn": "arn:aws:ec2:ap-south-1:538193827525:instance/i-02f85663d6d47aaf8",
            "associate_public_ip_address": true,
            "availability_zone": "ap-south-1a",
            "cpu_core_count": 1,
            "cpu_threads_per_core": 1,
            "credit_specification": [
              {
                "cpu_credits": "standard"
              }
            ],
            "disable_api_termination": false,
            "ebs_block_device": [],
            "ebs_optimized": false,
            "ephemeral_block_device": [],
            "get_password_data": false,
            "hibernation": false,
            "host_id": null,
            "iam_instance_profile": "",
            "id": "i-02f85663d6d47aaf8",
            "instance_initiated_shutdown_behavior": null,
            "instance_state": "running",
            "instance_type": "t2.micro",
            "ipv6_address_count": 0,
            "ipv6_addresses": [],
            "key_name": "AWS_Key_Pair",
            "monitoring": false,
            "network_interface": [],
            "network_interface_id": null,
            "password_data": "",
            "placement_group": "",
            "primary_network_interface_id": "eni-04d5bbe01b7a6885c",
            "private_dns": "ip-172-31-39-77.ap-south-1.compute.internal",
            "private_ip": "172.31.39.77",
            "public_dns": "ec2-35-154-151-155.ap-south-1.compute.amazonaws.com",
            "public_ip": "35.154.151.155",
            "root_block_device": [
              {
                "delete_on_termination": true,
                "encrypted": false,
                "iops": 100,
                "kms_key_id": "",
                "volume_id": "vol-04a9adf83501ee31e",
                "volume_size": 8,
                "volume_type": "gp2"
              }
            ],
            "security_groups": [
              "default"
            ],
            "source_dest_check": true,
            "subnet_id": "subnet-7699af1e",
            "tags": null,
            "tenancy": "default",
            "timeouts": null,
            "user_data": null,
            "user_data_base64": null,
            "volume_tags": {},
            "vpc_security_group_ids": [
              "sg-eb82fe8b"
            ]
          },
          "private": "eyJlMmJmYjczMC1lY2FhLTExZTYtOGY4OC0zNDM2M2JjN2M0YzAiOnsiY3JlYXRlIjo2MDAwMDAwMDAwMDAsImRlbGV0ZSI6MTIwMDAwMDAwMDAwMCwidXBkYXRlIjo2MDAwMDAwMDAwMDB9LCJzY2hlbWFfdmVyc2lvbiI6IjEifQ==",
          "dependencies": [
            "aws_key_pair.mykey"
          ]
        }
      ]
    },
    {
      "mode": "managed",
      "type": "aws_key_pair",
      "name": "mykey",
      "provider": "provider.aws",
      "instances": [
        {
          "schema_version": 1,
          "attributes": {
            "fingerprint": "5b:30:9b:98:b7:61:25:1d:80:94:cb:2f:29:a4:30:a0",
            "id": "AWS_Key_Pair",
            "key_name": "AWS_Key_Pair",
            "key_name_prefix": null,
            "key_pair_id": "key-0db9df63b63fd6d22",
            "public_key": "ssh-rsa AAAAB3NzaC1yc2EAAAADAQABAAABAQDLjPjY3sbEKCI4RZrwc2f30/C6Hr7ZXqkvNJVB1I6/vyUs5gzcBDCCBhprduGIsTX+2AJc9VAgKKS53t02PFL1wiBIKpc6MZhZANJ5jwdLbQAZBRazRDBSqWEYGKsCt8L5dxemzV37UUhQcpo63HnOZuXZLL4UgViTo6VBIq6Wb4Dp3IZTwIKmJCKzxryMgDGDjYLT1EUDFQTRd/afuA7YEXPBb4QwGggBBIBcXSIquY/mC4d/j+hv4tiDpXbMLFBVwD0O7D+6sVhEG7UjSL3NKLu7XudX5vxujQ45551J2iGsAKfN4L5gc1JBl7THolDS22IBtlo/TPKs7SrFRH8F romanshujain@talentica-OptiPlex-9010",
            "tags": null
          },
          "private": "eyJzY2hlbWFfdmVyc2lvbiI6IjEifQ=="
        }
      ]
    }
  ]
}
